Microsoft Visual Studio Solution File, Format Version 12.00
# Visual Studio Version 17
VisualStudioVersion = 17.5.2.0
MinimumVisualStudioVersion = 10.0.40219.1
Project("{2150E333-8FDC-42A3-9474-1A3956D46DE8}") = "csharp-server", "csharp-server", "{391D8AAF-6351-1D67-A8CE-E569CD9DBE0D}"
EndProject
Project("{FAE04EC0-301F-11D3-BF4B-00C04F79EFBC}") = "GrpcServer", "csharp-server\GrpcServer\GrpcServer.csproj", "{AD374A53-215D-5DF6-4616-C92F038D3632}"
EndProject
Global
	GlobalSection(SolutionConfigurationPlatforms) = preSolution
		Debug|Any CPU = Debug|Any CPU
		Release|Any CPU = Release|Any CPU
	EndGlobalSection
	GlobalSection(ProjectConfigurationPlatforms) = postSolution
		{AD374A53-215D-5DF6-4616-C92F038D3632}.Debug|Any CPU.ActiveCfg = Debug|Any CPU
		{AD374A53-215D-5DF6-4616-C92F038D3632}.Debug|Any CPU.Build.0 = Debug|Any CPU
		{AD374A53-215D-5DF6-4616-C92F038D3632}.Release|Any CPU.ActiveCfg = Release|Any CPU
		{AD374A53-215D-5DF6-4616-C92F038D3632}.Release|Any CPU.Build.0 = Release|Any CPU
	EndGlobalSection
	GlobalSection(SolutionProperties) = preSolution
		HideSolutionNode = FALSE
	EndGlobalSection
	GlobalSection(NestedProjects) = preSolution
		{AD374A53-215D-5DF6-4616-C92F038D3632} = {391D8AAF-6351-1D67-A8CE-E569CD9DBE0D}
	EndGlobalSection
	GlobalSection(ExtensibilityGlobals) = postSolution
		SolutionGuid = {6461B396-8683-4069-A44A-96D7AA6B550A}
	EndGlobalSection
EndGlobal
